
Microsoft Visual Studio Solution File, Format Version 12.00
Project("{FAE04EC0-301F-11D3-BF4B-00C04F79EFBC}") = "JsonBased", "JsonBased\JsonBased.csproj", "{D742D6E8-E2BE-40D2-A4E9-B977F4B8F16D}"
EndProject
Project("{FAE04EC0-301F-11D3-BF4B-00C04F79EFBC}") = "CodeBased", "CodeBased\CodeBased.csproj", "{CFF44899-BC9F-42B3-80D4-C48D03E42FFA}"
EndProject
Project("{FAE04EC0-301F-11D3-BF4B-00C04F79EFBC}") = "ResBased", "ResBased\ResBased.csproj", "{735914C3-B5EA-4BF8-8FF6-1AC45FB7E0C5}"
EndProject
Global
	GlobalSection(SolutionConfigurationPlatforms) = preSolution
		Debug|Any CPU = Debug|Any CPU
		Release|Any CPU = Release|Any CPU
	EndGlobalSection
	GlobalSection(ProjectConfigurationPlatforms) = postSolution
		{D742D6E8-E2BE-40D2-A4E9-B977F4B8F16D}.Debug|Any CPU.ActiveCfg = Debug|Any CPU
		{D742D6E8-E2BE-40D2-A4E9-B977F4B8F16D}.Debug|Any CPU.Build.0 = Debug|Any CPU
		{D742D6E8-E2BE-40D2-A4E9-B977F4B8F16D}.Release|Any CPU.ActiveCfg = Release|Any CPU
		{D742D6E8-E2BE-40D2-A4E9-B977F4B8F16D}.Release|Any CPU.Build.0 = Release|Any CPU
		{CFF44899-BC9F-42B3-80D4-C48D03E42FFA}.Debug|Any CPU.ActiveCfg = Debug|Any CPU
		{CFF44899-BC9F-42B3-80D4-C48D03E42FFA}.Debug|Any CPU.Build.0 = Debug|Any CPU
		{CFF44899-BC9F-42B3-80D4-C48D03E42FFA}.Release|Any CPU.ActiveCfg = Release|Any CPU
		{CFF44899-BC9F-42B3-80D4-C48D03E42FFA}.Release|Any CPU.Build.0 = Release|Any CPU
		{735914C3-B5EA-4BF8-8FF6-1AC45FB7E0C5}.Debug|Any CPU.ActiveCfg = Debug|Any CPU
		{735914C3-B5EA-4BF8-8FF6-1AC45FB7E0C5}.Debug|Any CPU.Build.0 = Debug|Any CPU
		{735914C3-B5EA-4BF8-8FF6-1AC45FB7E0C5}.Release|Any CPU.ActiveCfg = Release|Any CPU
		{735914C3-B5EA-4BF8-8FF6-1AC45FB7E0C5}.Release|Any CPU.Build.0 = Release|Any CPU
	EndGlobalSection
EndGlobal
